
Microsoft Visual Studio Solution File, Format Version 12.00
# Visual Studio Version 17
VisualStudioVersion = 17.10.35027.167
MinimumVisualStudioVersion = 10.0.40219.1
Project("{FAE04EC0-301F-11D3-BF4B-00C04F79EFBC}") = "inlarn", "inlarn\inlarn.csproj", "{947E50E1-08B1-4B74-B948-6FD9F26D975B}"
EndProject
Global
	GlobalSection(SolutionConfigurationPlatforms) = preSolution
		Debug|Any CPU = Debug|Any CPU
		Release|Any CPU = Release|Any CPU
	EndGlobalSection
	GlobalSection(ProjectConfigurationPlatforms) = postSolution
		{947E50E1-08B1-4B74-B948-6FD9F26D975B}.Debug|Any CPU.ActiveCfg = Debug|Any CPU
		{947E50E1-08B1-4B74-B948-6FD9F26D975B}.Debug|Any CPU.Build.0 = Debug|Any CPU
		{947E50E1-08B1-4B74-B948-6FD9F26D975B}.Release|Any CPU.ActiveCfg = Release|Any CPU
		{947E50E1-08B1-4B74-B948-6FD9F26D975B}.Release|Any CPU.Build.0 = Release|Any CPU
	EndGlobalSection
	GlobalSection(SolutionProperties) = preSolution
		HideSolutionNode = FALSE
	EndGlobalSection
	GlobalSection(ExtensibilityGlobals) = postSolution
		SolutionGuid = {304D95A0-3507-4542-9DFB-BA127F6EA79E}
	EndGlobalSection
EndGlobal
